
Microsoft Visual Studio Solution File, Format Version 12.00
# Visual Studio Version 16
VisualStudioVersion = 16.0.31129.286
MinimumVisualStudioVersion = 10.0.40219.1
Project("{9A19103F-16F7-4668-BE54-9A1E7A4F7556}") = "AzureTableAccessor", "src\AzureTableAccessor\AzureTableAccessor.csproj", "{9E4D7647-71DE-4ADF-A04D-552AED3D80A9}"
EndProject
Project("{2150E333-8FDC-42A3-9474-1A3956D46DE8}") = "src", "src", "{A295BA31-F1F9-489A-9DAE-3AFC6689F5B5}"
EndProject
Project("{FAE04EC0-301F-11D3-BF4B-00C04F79EFBC}") = "AzureTableAccessor.Examples", "src\AzureTableAccessor.Examples\AzureTableAccessor.Examples.csproj", "{5419A7F6-1913-4979-BED1-67D070BF3AB3}"
EndProject
Global
	GlobalSection(SolutionConfigurationPlatforms) = preSolution
		Debug|Any CPU = Debug|Any CPU
		Release|Any CPU = Release|Any CPU
	EndGlobalSection
	GlobalSection(ProjectConfigurationPlatforms) = postSolution
		{9E4D7647-71DE-4ADF-A04D-552AED3D80A9}.Debug|Any CPU.ActiveCfg = Debug|Any CPU
		{9E4D7647-71DE-4ADF-A04D-552AED3D80A9}.Debug|Any CPU.Build.0 = Debug|Any CPU
		{9E4D7647-71DE-4ADF-A04D-552AED3D80A9}.Release|Any CPU.ActiveCfg = Release|Any CPU
		{9E4D7647-71DE-4ADF-A04D-552AED3D80A9}.Release|Any CPU.Build.0 = Release|Any CPU
		{5419A7F6-1913-4979-BED1-67D070BF3AB3}.Debug|Any CPU.ActiveCfg = Debug|Any CPU
		{5419A7F6-1913-4979-BED1-67D070BF3AB3}.Debug|Any CPU.Build.0 = Debug|Any CPU
		{5419A7F6-1913-4979-BED1-67D070BF3AB3}.Release|Any CPU.ActiveCfg = Release|Any CPU
		{5419A7F6-1913-4979-BED1-67D070BF3AB3}.Release|Any CPU.Build.0 = Release|Any CPU
	EndGlobalSection
	GlobalSection(SolutionProperties) = preSolution
		HideSolutionNode = FALSE
	EndGlobalSection
	GlobalSection(ExtensibilityGlobals) = postSolution
		SolutionGuid = {3242BDE5-E693-42D8-9A84-A07F5EC24AC5}
	EndGlobalSection
	GlobalSection(NestedProjects) = preSolution
		{9E4D7647-71DE-4ADF-A04D-552AED3D80A9} = {A295BA31-F1F9-489A-9DAE-3AFC6689F5B5}
		{5419A7F6-1913-4979-BED1-67D070BF3AB3} = {A295BA31-F1F9-489A-9DAE-3AFC6689F5B5}
	EndGlobalSection
EndGlobal
